
Microsoft Visual Studio Solution File, Format Version 12.00
# Visual Studio Version 16
VisualStudioVersion = 16.0.31624.102
MinimumVisualStudioVersion = 10.0.40219.1
Project("{FAE04EC0-301F-11D3-BF4B-00C04F79EFBC}") = "KargoDagitimSistemi", "KargoDagitimSistemi\KargoDagitimSistemi.csproj", "{B3689D33-8F66-4B52-93F7-9567D3D77DBF}"
EndProject
Global
	GlobalSection(SolutionConfigurationPlatforms) = preSolution
		Debug|Any CPU = Debug|Any CPU
		Release|Any CPU = Release|Any CPU
	EndGlobalSection
	GlobalSection(ProjectConfigurationPlatforms) = postSolution
		{B3689D33-8F66-4B52-93F7-9567D3D77DBF}.Debug|Any CPU.ActiveCfg = Debug|Any CPU
		{B3689D33-8F66-4B52-93F7-9567D3D77DBF}.Debug|Any CPU.Build.0 = Debug|Any CPU
		{B3689D33-8F66-4B52-93F7-9567D3D77DBF}.Release|Any CPU.ActiveCfg = Release|Any CPU
		{B3689D33-8F66-4B52-93F7-9567D3D77DBF}.Release|Any CPU.Build.0 = Release|Any CPU
	EndGlobalSection
	GlobalSection(SolutionProperties) = preSolution
		HideSolutionNode = FALSE
	EndGlobalSection
	GlobalSection(ExtensibilityGlobals) = postSolution
		SolutionGuid = {B85A15EE-A99C-4BA2-949E-AB7DE1ADA269}
	EndGlobalSection
EndGlobal
